
Microsoft Visual Studio Solution File, Format Version 12.00
# Visual Studio 2012
Project("{FAE04EC0-301F-11D3-BF4B-00C04F79EFBC}") = "WMS", "WMS\WMS.csproj", "{A66F8AA4-2E18-4109-A96D-EC3339F159D7}"
EndProject
Project("{FAE04EC0-301F-11D3-BF4B-00C04F79EFBC}") = "WMS.iOS", "iOS\WMS.iOS.csproj", "{D173FB75-50F5-4FE4-ADC3-3324EB2073B0}"
EndProject
Project("{FAE04EC0-301F-11D3-BF4B-00C04F79EFBC}") = "WMS.Droid", "Droid\WMS.Droid.csproj", "{888CB2F6-6410-4655-9351-4ACDCBE410EE}"
EndProject
Project("{FAE04EC0-301F-11D3-BF4B-00C04F79EFBC}") = "WMS.UITests", "UITests\WMS.UITests.csproj", "{3FE635BD-5540-4364-8CAC-A1441D7EE44B}"
EndProject
Global
	GlobalSection(SolutionConfigurationPlatforms) = preSolution
		Debug|Any CPU = Debug|Any CPU
		Release|Any CPU = Release|Any CPU
		Debug|iPhoneSimulator = Debug|iPhoneSimulator
		Release|iPhone = Release|iPhone
		Release|iPhoneSimulator = Release|iPhoneSimulator
		Debug|iPhone = Debug|iPhone
	EndGlobalSection
	GlobalSection(ProjectConfigurationPlatforms) = postSolution
		{A66F8AA4-2E18-4109-A96D-EC3339F159D7}.Debug|Any CPU.ActiveCfg = Debug|Any CPU
		{A66F8AA4-2E18-4109-A96D-EC3339F159D7}.Debug|Any CPU.Build.0 = Debug|Any CPU
		{A66F8AA4-2E18-4109-A96D-EC3339F159D7}.Release|Any CPU.ActiveCfg = Release|Any CPU
		{A66F8AA4-2E18-4109-A96D-EC3339F159D7}.Release|Any CPU.Build.0 = Release|Any CPU
		{A66F8AA4-2E18-4109-A96D-EC3339F159D7}.Debug|iPhoneSimulator.ActiveCfg = Debug|Any CPU
		{A66F8AA4-2E18-4109-A96D-EC3339F159D7}.Debug|iPhoneSimulator.Build.0 = Debug|Any CPU
		{A66F8AA4-2E18-4109-A96D-EC3339F159D7}.Release|iPhone.ActiveCfg = Release|Any CPU
		{A66F8AA4-2E18-4109-A96D-EC3339F159D7}.Release|iPhone.Build.0 = Release|Any CPU
		{A66F8AA4-2E18-4109-A96D-EC3339F159D7}.Release|iPhoneSimulator.ActiveCfg = Release|Any CPU
		{A66F8AA4-2E18-4109-A96D-EC3339F159D7}.Release|iPhoneSimulator.Build.0 = Release|Any CPU
		{A66F8AA4-2E18-4109-A96D-EC3339F159D7}.Debug|iPhone.ActiveCfg = Debug|Any CPU
		{A66F8AA4-2E18-4109-A96D-EC3339F159D7}.Debug|iPhone.Build.0 = Debug|Any CPU
		{D173FB75-50F5-4FE4-ADC3-3324EB2073B0}.Debug|Any CPU.ActiveCfg = Debug|iPhoneSimulator
		{D173FB75-50F5-4FE4-ADC3-3324EB2073B0}.Debug|Any CPU.Build.0 = Debug|iPhoneSimulator
		{D173FB75-50F5-4FE4-ADC3-3324EB2073B0}.Release|Any CPU.ActiveCfg = Release|iPhone
		{D173FB75-50F5-4FE4-ADC3-3324EB2073B0}.Release|Any CPU.Build.0 = Release|iPhone
		{D173FB75-50F5-4FE4-ADC3-3324EB2073B0}.Debug|iPhoneSimulator.ActiveCfg = Debug|iPhoneSimulator
		{D173FB75-50F5-4FE4-ADC3-3324EB2073B0}.Debug|iPhoneSimulator.Build.0 = Debug|iPhoneSimulator
		{D173FB75-50F5-4FE4-ADC3-3324EB2073B0}.Release|iPhone.ActiveCfg = Release|iPhone
		{D173FB75-50F5-4FE4-ADC3-3324EB2073B0}.Release|iPhone.Build.0 = Release|iPhone
		{D173FB75-50F5-4FE4-ADC3-3324EB2073B0}.Release|iPhoneSimulator.ActiveCfg = Release|iPhoneSimulator
		{D173FB75-50F5-4FE4-ADC3-3324EB2073B0}.Release|iPhoneSimulator.Build.0 = Release|iPhoneSimulator
		{D173FB75-50F5-4FE4-ADC3-3324EB2073B0}.Debug|iPhone.ActiveCfg = Debug|iPhone
		{D173FB75-50F5-4FE4-ADC3-3324EB2073B0}.Debug|iPhone.Build.0 = Debug|iPhone
		{888CB2F6-6410-4655-9351-4ACDCBE410EE}.Debug|Any CPU.ActiveCfg = Debug|Any CPU
		{888CB2F6-6410-4655-9351-4ACDCBE410EE}.Debug|Any CPU.Build.0 = Debug|Any CPU
		{888CB2F6-6410-4655-9351-4ACDCBE410EE}.Release|Any CPU.ActiveCfg = Release|Any CPU
		{888CB2F6-6410-4655-9351-4ACDCBE410EE}.Release|Any CPU.Build.0 = Release|Any CPU
		{888CB2F6-6410-4655-9351-4ACDCBE410EE}.Debug|iPhoneSimulator.ActiveCfg = Debug|Any CPU
		{888CB2F6-6410-4655-9351-4ACDCBE410EE}.Debug|iPhoneSimulator.Build.0 = Debug|Any CPU
		{888CB2F6-6410-4655-9351-4ACDCBE410EE}.Release|iPhone.ActiveCfg = Release|Any CPU
		{888CB2F6-6410-4655-9351-4ACDCBE410EE}.Release|iPhone.Build.0 = Release|Any CPU
		{888CB2F6-6410-4655-9351-4ACDCBE410EE}.Release|iPhoneSimulator.ActiveCfg = Release|Any CPU
		{888CB2F6-6410-4655-9351-4ACDCBE410EE}.Release|iPhoneSimulator.Build.0 = Release|Any CPU
		{888CB2F6-6410-4655-9351-4ACDCBE410EE}.Debug|iPhone.ActiveCfg = Debug|Any CPU
		{888CB2F6-6410-4655-9351-4ACDCBE410EE}.Debug|iPhone.Build.0 = Debug|Any CPU
		{3FE635BD-5540-4364-8CAC-A1441D7EE44B}.Debug|Any CPU.ActiveCfg = Debug|Any CPU
		{3FE635BD-5540-4364-8CAC-A1441D7EE44B}.Debug|Any CPU.Build.0 = Debug|Any CPU
		{3FE635BD-5540-4364-8CAC-A1441D7EE44B}.Release|Any CPU.ActiveCfg = Release|Any CPU
		{3FE635BD-5540-4364-8CAC-A1441D7EE44B}.Release|Any CPU.Build.0 = Release|Any CPU
		{3FE635BD-5540-4364-8CAC-A1441D7EE44B}.Debug|iPhoneSimulator.ActiveCfg = Debug|Any CPU
		{3FE635BD-5540-4364-8CAC-A1441D7EE44B}.Debug|iPhoneSimulator.Build.0 = Debug|Any CPU
		{3FE635BD-5540-4364-8CAC-A1441D7EE44B}.Release|iPhone.ActiveCfg = Release|Any CPU
		{3FE635BD-5540-4364-8CAC-A1441D7EE44B}.Release|iPhone.Build.0 = Release|Any CPU
		{3FE635BD-5540-4364-8CAC-A1441D7EE44B}.Release|iPhoneSimulator.ActiveCfg = Release|Any CPU
		{3FE635BD-5540-4364-8CAC-A1441D7EE44B}.Release|iPhoneSimulator.Build.0 = Release|Any CPU
		{3FE635BD-5540-4364-8CAC-A1441D7EE44B}.Debug|iPhone.ActiveCfg = Debug|Any CPU
		{3FE635BD-5540-4364-8CAC-A1441D7EE44B}.Debug|iPhone.Build.0 = Debug|Any CPU
	EndGlobalSection
EndGlobal
